
Microsoft Visual Studio Solution File, Format Version 12.00
# Visual Studio Version 17
VisualStudioVersion = 17.10.34928.147
MinimumVisualStudioVersion = 10.0.40219.1
Project("{9A19103F-16F7-4668-BE54-9A1E7A4F7556}") = "Challenge-CarAuction", "Challenge-CarAuction\Challenge-CarAuction.csproj", "{BFC7D402-0C39-4F4B-8C54-1EFA5ECC2CBE}"
EndProject
Project("{2150E333-8FDC-42A3-9474-1A3956D46DE8}") = "Solution Items", "Solution Items", "{FAA872D7-613D-4753-8B2B-032DCE9480C8}"
	ProjectSection(SolutionItems) = preProject
		.editorconfig = .editorconfig
	EndProjectSection
EndProject
Global
	GlobalSection(SolutionConfigurationPlatforms) = preSolution
		Debug|Any CPU = Debug|Any CPU
		Release|Any CPU = Release|Any CPU
	EndGlobalSection
	GlobalSection(ProjectConfigurationPlatforms) = postSolution
		{BFC7D402-0C39-4F4B-8C54-1EFA5ECC2CBE}.Debug|Any CPU.ActiveCfg = Debug|Any CPU
		{BFC7D402-0C39-4F4B-8C54-1EFA5ECC2CBE}.Debug|Any CPU.Build.0 = Debug|Any CPU
		{BFC7D402-0C39-4F4B-8C54-1EFA5ECC2CBE}.Release|Any CPU.ActiveCfg = Release|Any CPU
		{BFC7D402-0C39-4F4B-8C54-1EFA5ECC2CBE}.Release|Any CPU.Build.0 = Release|Any CPU
	EndGlobalSection
	GlobalSection(SolutionProperties) = preSolution
		HideSolutionNode = FALSE
	EndGlobalSection
	GlobalSection(ExtensibilityGlobals) = postSolution
		SolutionGuid = {52DCFF77-6A69-4D7B-B156-7C402BE3E5CC}
	EndGlobalSection
EndGlobal
